
Microsoft Visual Studio Solution File, Format Version 12.00
# Visual Studio Version 17
VisualStudioVersion = 17.6.33723.286
MinimumVisualStudioVersion = 10.0.40219.1
Project("{9A19103F-16F7-4668-BE54-9A1E7A4F7556}") = "Chat", "Chat\Chat.csproj", "{D997A8C5-1664-42C5-9460-922671374C80}"
EndProject
Project("{2150E333-8FDC-42A3-9474-1A3956D46DE8}") = "Solution items", "Solution items", "{7FEEDCC8-6CC4-43C7-90A7-170268BABD9C}"
	ProjectSection(SolutionItems) = preProject
		.gitignore = .gitignore
		README.md = README.md
	EndProjectSection
EndProject
Global
	GlobalSection(SolutionConfigurationPlatforms) = preSolution
		Debug|Any CPU = Debug|Any CPU
		Release|Any CPU = Release|Any CPU
	EndGlobalSection
	GlobalSection(ProjectConfigurationPlatforms) = postSolution
		{D997A8C5-1664-42C5-9460-922671374C80}.Debug|Any CPU.ActiveCfg = Debug|Any CPU
		{D997A8C5-1664-42C5-9460-922671374C80}.Debug|Any CPU.Build.0 = Debug|Any CPU
		{D997A8C5-1664-42C5-9460-922671374C80}.Release|Any CPU.ActiveCfg = Release|Any CPU
		{D997A8C5-1664-42C5-9460-922671374C80}.Release|Any CPU.Build.0 = Release|Any CPU
	EndGlobalSection
	GlobalSection(SolutionProperties) = preSolution
		HideSolutionNode = FALSE
	EndGlobalSection
	GlobalSection(ExtensibilityGlobals) = postSolution
		SolutionGuid = {3F1ECB77-8BE8-4B5C-8315-97E04BC8EBC9}
	EndGlobalSection
EndGlobal
